
Microsoft Visual Studio Solution File, Format Version 12.00
# Visual Studio Version 17
VisualStudioVersion = 17.7.34031.279
MinimumVisualStudioVersion = 10.0.40219.1
Project("{FAE04EC0-301F-11D3-BF4B-00C04F79EFBC}") = "HelloDoc", "HelloDoc\HelloDoc.csproj", "{4ADADCF6-6289-4F7B-92B2-44556F5D4C3C}"
EndProject
Global
	GlobalSection(SolutionConfigurationPlatforms) = preSolution
		Debug|Any CPU = Debug|Any CPU
		Release|Any CPU = Release|Any CPU
	EndGlobalSection
	GlobalSection(ProjectConfigurationPlatforms) = postSolution
		{4ADADCF6-6289-4F7B-92B2-44556F5D4C3C}.Debug|Any CPU.ActiveCfg = Debug|Any CPU
		{4ADADCF6-6289-4F7B-92B2-44556F5D4C3C}.Debug|Any CPU.Build.0 = Debug|Any CPU
		{4ADADCF6-6289-4F7B-92B2-44556F5D4C3C}.Release|Any CPU.ActiveCfg = Release|Any CPU
		{4ADADCF6-6289-4F7B-92B2-44556F5D4C3C}.Release|Any CPU.Build.0 = Release|Any CPU
	EndGlobalSection
	GlobalSection(SolutionProperties) = preSolution
		HideSolutionNode = FALSE
	EndGlobalSection
	GlobalSection(ExtensibilityGlobals) = postSolution
		SolutionGuid = {ADD10E82-BAD7-4946-8F98-66AD32E8662B}
	EndGlobalSection
EndGlobal
